
Microsoft Visual Studio Solution File, Format Version 12.00
# Visual Studio 14
VisualStudioVersion = 14.0.25420.1
MinimumVisualStudioVersion = 10.0.40219.1
Project("{FAE04EC0-301F-11D3-BF4B-00C04F79EFBC}") = "4.17", "4.17\4.17.csproj", "{B3CCB6C2-F967-436D-A4BB-072C7B1A8A07}"
EndProject
Project("{FAE04EC0-301F-11D3-BF4B-00C04F79EFBC}") = "4.18", "4.18\4.18.csproj", "{CB92AEDB-9ADE-4071-A062-456FE6205E76}"
EndProject
Project("{FAE04EC0-301F-11D3-BF4B-00C04F79EFBC}") = "4.19", "4.19\4.19.csproj", "{D6FE2DD2-762E-4789-A74D-04F1732A0EDD}"
EndProject
Project("{FAE04EC0-301F-11D3-BF4B-00C04F79EFBC}") = "4.20", "4.20\4.20.csproj", "{955D2249-BBAC-46B3-9390-4CB33413443A}"
EndProject
Project("{FAE04EC0-301F-11D3-BF4B-00C04F79EFBC}") = "4.21", "4.21\4.21.csproj", "{CA959F1D-B1B3-44C3-93A3-295D97539592}"
EndProject
Project("{FAE04EC0-301F-11D3-BF4B-00C04F79EFBC}") = "4.22", "4.22\4.22.csproj", "{F2F477A1-41CF-4D99-950C-7B5B6F57896E}"
EndProject
Project("{FAE04EC0-301F-11D3-BF4B-00C04F79EFBC}") = "4.23", "4.23\4.23.csproj", "{5C994BEA-3CD4-4241-B34D-E8ABC98953E0}"
EndProject
Global
	GlobalSection(SolutionConfigurationPlatforms) = preSolution
		Debug|Any CPU = Debug|Any CPU
		Release|Any CPU = Release|Any CPU
	EndGlobalSection
	GlobalSection(ProjectConfigurationPlatforms) = postSolution
		{B3CCB6C2-F967-436D-A4BB-072C7B1A8A07}.Debug|Any CPU.ActiveCfg = Debug|Any CPU
		{B3CCB6C2-F967-436D-A4BB-072C7B1A8A07}.Debug|Any CPU.Build.0 = Debug|Any CPU
		{B3CCB6C2-F967-436D-A4BB-072C7B1A8A07}.Release|Any CPU.ActiveCfg = Release|Any CPU
		{B3CCB6C2-F967-436D-A4BB-072C7B1A8A07}.Release|Any CPU.Build.0 = Release|Any CPU
		{CB92AEDB-9ADE-4071-A062-456FE6205E76}.Debug|Any CPU.ActiveCfg = Debug|Any CPU
		{CB92AEDB-9ADE-4071-A062-456FE6205E76}.Debug|Any CPU.Build.0 = Debug|Any CPU
		{CB92AEDB-9ADE-4071-A062-456FE6205E76}.Release|Any CPU.ActiveCfg = Release|Any CPU
		{CB92AEDB-9ADE-4071-A062-456FE6205E76}.Release|Any CPU.Build.0 = Release|Any CPU
		{D6FE2DD2-762E-4789-A74D-04F1732A0EDD}.Debug|Any CPU.ActiveCfg = Debug|Any CPU
		{D6FE2DD2-762E-4789-A74D-04F1732A0EDD}.Debug|Any CPU.Build.0 = Debug|Any CPU
		{D6FE2DD2-762E-4789-A74D-04F1732A0EDD}.Release|Any CPU.ActiveCfg = Release|Any CPU
		{D6FE2DD2-762E-4789-A74D-04F1732A0EDD}.Release|Any CPU.Build.0 = Release|Any CPU
		{955D2249-BBAC-46B3-9390-4CB33413443A}.Debug|Any CPU.ActiveCfg = Debug|Any CPU
		{955D2249-BBAC-46B3-9390-4CB33413443A}.Debug|Any CPU.Build.0 = Debug|Any CPU
		{955D2249-BBAC-46B3-9390-4CB33413443A}.Release|Any CPU.ActiveCfg = Release|Any CPU
		{955D2249-BBAC-46B3-9390-4CB33413443A}.Release|Any CPU.Build.0 = Release|Any CPU
		{CA959F1D-B1B3-44C3-93A3-295D97539592}.Debug|Any CPU.ActiveCfg = Debug|Any CPU
		{CA959F1D-B1B3-44C3-93A3-295D97539592}.Debug|Any CPU.Build.0 = Debug|Any CPU
		{CA959F1D-B1B3-44C3-93A3-295D97539592}.Release|Any CPU.ActiveCfg = Release|Any CPU
		{CA959F1D-B1B3-44C3-93A3-295D97539592}.Release|Any CPU.Build.0 = Release|Any CPU
		{F2F477A1-41CF-4D99-950C-7B5B6F57896E}.Debug|Any CPU.ActiveCfg = Debug|Any CPU
		{F2F477A1-41CF-4D99-950C-7B5B6F57896E}.Debug|Any CPU.Build.0 = Debug|Any CPU
		{F2F477A1-41CF-4D99-950C-7B5B6F57896E}.Release|Any CPU.ActiveCfg = Release|Any CPU
		{F2F477A1-41CF-4D99-950C-7B5B6F57896E}.Release|Any CPU.Build.0 = Release|Any CPU
		{5C994BEA-3CD4-4241-B34D-E8ABC98953E0}.Debug|Any CPU.ActiveCfg = Debug|Any CPU
		{5C994BEA-3CD4-4241-B34D-E8ABC98953E0}.Debug|Any CPU.Build.0 = Debug|Any CPU
		{5C994BEA-3CD4-4241-B34D-E8ABC98953E0}.Release|Any CPU.ActiveCfg = Release|Any CPU
		{5C994BEA-3CD4-4241-B34D-E8ABC98953E0}.Release|Any CPU.Build.0 = Release|Any CPU
	EndGlobalSection
	GlobalSection(SolutionProperties) = preSolution
		HideSolutionNode = FALSE
	EndGlobalSection
EndGlobal
